
Microsoft Visual Studio Solution File, Format Version 12.00
# Visual Studio 15
VisualStudioVersion = 15.0.28307.960
MinimumVisualStudioVersion = 10.0.40219.1
Project("{FAE04EC0-301F-11D3-BF4B-00C04F79EFBC}") = "Web", "Web\Web.csproj", "{6594AA45-FBE6-4E64-AAB6-018C6B853857}"
EndProject
Project("{00D1A9C2-B5F0-4AF3-8072-F6C62B433612}") = "Database", "Database\Database.sqlproj", "{BCCC7FB8-D77F-494C-82F3-D95F780F82D5}"
EndProject
Project("{FAE04EC0-301F-11D3-BF4B-00C04F79EFBC}") = "Orchestration", "Orchestration\Orchestration.csproj", "{83872E88-333D-48B8-A12D-02EFF3AE285C}"
EndProject
Project("{FAE04EC0-301F-11D3-BF4B-00C04F79EFBC}") = "Implementation", "Implementation\Implementation.csproj", "{206B793C-E076-4329-BDF9-C2F94D5EFDF6}"
EndProject
Project("{FAE04EC0-301F-11D3-BF4B-00C04F79EFBC}") = "Common", "Common\Common.csproj", "{55DA08A8-915F-4340-B63C-22FC88D15495}"
EndProject
Global
	GlobalSection(SolutionConfigurationPlatforms) = preSolution
		Debug|Any CPU = Debug|Any CPU
		Release|Any CPU = Release|Any CPU
	EndGlobalSection
	GlobalSection(ProjectConfigurationPlatforms) = postSolution
		{6594AA45-FBE6-4E64-AAB6-018C6B853857}.Debug|Any CPU.ActiveCfg = Debug|Any CPU
		{6594AA45-FBE6-4E64-AAB6-018C6B853857}.Debug|Any CPU.Build.0 = Debug|Any CPU
		{6594AA45-FBE6-4E64-AAB6-018C6B853857}.Release|Any CPU.ActiveCfg = Release|Any CPU
		{6594AA45-FBE6-4E64-AAB6-018C6B853857}.Release|Any CPU.Build.0 = Release|Any CPU
		{BCCC7FB8-D77F-494C-82F3-D95F780F82D5}.Debug|Any CPU.ActiveCfg = Debug|Any CPU
		{BCCC7FB8-D77F-494C-82F3-D95F780F82D5}.Debug|Any CPU.Build.0 = Debug|Any CPU
		{BCCC7FB8-D77F-494C-82F3-D95F780F82D5}.Debug|Any CPU.Deploy.0 = Debug|Any CPU
		{BCCC7FB8-D77F-494C-82F3-D95F780F82D5}.Release|Any CPU.ActiveCfg = Release|Any CPU
		{BCCC7FB8-D77F-494C-82F3-D95F780F82D5}.Release|Any CPU.Build.0 = Release|Any CPU
		{BCCC7FB8-D77F-494C-82F3-D95F780F82D5}.Release|Any CPU.Deploy.0 = Release|Any CPU
		{83872E88-333D-48B8-A12D-02EFF3AE285C}.Debug|Any CPU.ActiveCfg = Debug|Any CPU
		{83872E88-333D-48B8-A12D-02EFF3AE285C}.Debug|Any CPU.Build.0 = Debug|Any CPU
		{83872E88-333D-48B8-A12D-02EFF3AE285C}.Release|Any CPU.ActiveCfg = Release|Any CPU
		{83872E88-333D-48B8-A12D-02EFF3AE285C}.Release|Any CPU.Build.0 = Release|Any CPU
		{206B793C-E076-4329-BDF9-C2F94D5EFDF6}.Debug|Any CPU.ActiveCfg = Debug|Any CPU
		{206B793C-E076-4329-BDF9-C2F94D5EFDF6}.Debug|Any CPU.Build.0 = Debug|Any CPU
		{206B793C-E076-4329-BDF9-C2F94D5EFDF6}.Release|Any CPU.ActiveCfg = Release|Any CPU
		{206B793C-E076-4329-BDF9-C2F94D5EFDF6}.Release|Any CPU.Build.0 = Release|Any CPU
		{55DA08A8-915F-4340-B63C-22FC88D15495}.Debug|Any CPU.ActiveCfg = Debug|Any CPU
		{55DA08A8-915F-4340-B63C-22FC88D15495}.Debug|Any CPU.Build.0 = Debug|Any CPU
		{55DA08A8-915F-4340-B63C-22FC88D15495}.Release|Any CPU.ActiveCfg = Release|Any CPU
		{55DA08A8-915F-4340-B63C-22FC88D15495}.Release|Any CPU.Build.0 = Release|Any CPU
	EndGlobalSection
	GlobalSection(SolutionProperties) = preSolution
		HideSolutionNode = FALSE
	EndGlobalSection
	GlobalSection(ExtensibilityGlobals) = postSolution
		SolutionGuid = {02FF3C5D-3AFA-401C-8CDA-E0546AF954F9}
	EndGlobalSection
EndGlobal
